
Microsoft Visual Studio Solution File, Format Version 12.00
# Visual Studio Version 17
VisualStudioVersion = 17.5.33516.290
MinimumVisualStudioVersion = 10.0.40219.1
Project("{FAE04EC0-301F-11D3-BF4B-00C04F79EFBC}") = "DataControlApp", "DataControlApp\DataControlApp.csproj", "{437E085C-6A29-435F-9E49-805ECC1C4DBE}"
EndProject
Global
	GlobalSection(SolutionConfigurationPlatforms) = preSolution
		Debug|Any CPU = Debug|Any CPU
		Release|Any CPU = Release|Any CPU
	EndGlobalSection
	GlobalSection(ProjectConfigurationPlatforms) = postSolution
		{437E085C-6A29-435F-9E49-805ECC1C4DBE}.Debug|Any CPU.ActiveCfg = Debug|Any CPU
		{437E085C-6A29-435F-9E49-805ECC1C4DBE}.Debug|Any CPU.Build.0 = Debug|Any CPU
		{437E085C-6A29-435F-9E49-805ECC1C4DBE}.Release|Any CPU.ActiveCfg = Release|Any CPU
		{437E085C-6A29-435F-9E49-805ECC1C4DBE}.Release|Any CPU.Build.0 = Release|Any CPU
	EndGlobalSection
	GlobalSection(SolutionProperties) = preSolution
		HideSolutionNode = FALSE
	EndGlobalSection
	GlobalSection(ExtensibilityGlobals) = postSolution
		SolutionGuid = {98296FF1-C618-40FF-9527-5249A0F478FD}
	EndGlobalSection
EndGlobal
